<Solution>
  <Folder Name="/Solution Items/">
    <File Path="README.md" />
  </Folder>
  <Folder Name="/ZeroToFirstAgent/">
    <Project Path="src/ZeroToFirstAgent.AzureOpenAi/ZeroToFirstAgent.AzureOpenAi.csproj" Id="a1a05c9d-690d-4055-b666-8546e7d876a8" />
    <Project Path="src/ZeroToFirstAgent.Olaama/ZeroToFirstAgent.Olaama.csproj" Id="fbb6b3d1-1aed-4fec-9632-a99def054b8e" />
    <Project Path="src/ZeroToFirstAgent.OpenAi/ZeroToFirstAgent.OpenAi.csproj" Id="c2901cc3-40cc-4ef7-a3a2-b082e855ea6a" />
  </Folder>
  <Project Path="src/Shared/Shared.csproj" />
</Solution>
