<Solution>
  <Folder Name="/Solution Items/">
    <File Path="README.md" />
  </Folder>
  <Project Path="src/HelloWorld/HelloWorld.csproj" Id="354649eb-cdab-4155-bbf0-0edbaab0782d" />
  <Project Path="src/MigrationFromSemanticKernel/MigrationFromSemanticKernel.csproj" Id="4cc77708-0ea5-46d9-94f6-a0f5f7e32b14" />
  <Project Path="src/Shared/Shared.csproj" />
</Solution>
