Microsoft Visual Studio Solution File, Format Version 12.00
# Visual Studio Version 17
VisualStudioVersion = 17.5.2.0
MinimumVisualStudioVersion = 10.0.40219.1
Project("{FAE04EC0-301F-11D3-BF4B-00C04F79EFBC}") = "AppHost", "AppHost\AppHost.csproj", "{82969919-02A7-82FB-319B-BC53DA90DEF4}"
EndProject
Project("{FAE04EC0-301F-11D3-BF4B-00C04F79EFBC}") = "AspNetWebApi.Backend", "AspNetWebApi.Backend\AspNetWebApi.Backend.csproj", "{E8425C8B-B533-979E-FC1A-944DA293B315}"
EndProject
Project("{FAE04EC0-301F-11D3-BF4B-00C04F79EFBC}") = "BlazorWasm.FrontEnd", "BlazorWasm.FrontEnd\BlazorWasm.FrontEnd.csproj", "{CB80F956-E60C-1E06-262E-C7E9F43B6B72}"
EndProject
Project("{FAE04EC0-301F-11D3-BF4B-00C04F79EFBC}") = "ServiceDefaults", "ServiceDefaults\ServiceDefaults.csproj", "{DF6E482A-0DB8-5DE4-EF1E-8E4FEDE79145}"
EndProject
Global
	GlobalSection(SolutionConfigurationPlatforms) = preSolution
		Debug|Any CPU = Debug|Any CPU
		Release|Any CPU = Release|Any CPU
	EndGlobalSection
	GlobalSection(ProjectConfigurationPlatforms) = postSolution
		{82969919-02A7-82FB-319B-BC53DA90DEF4}.Debug|Any CPU.ActiveCfg = Debug|Any CPU
		{82969919-02A7-82FB-319B-BC53DA90DEF4}.Debug|Any CPU.Build.0 = Debug|Any CPU
		{82969919-02A7-82FB-319B-BC53DA90DEF4}.Release|Any CPU.ActiveCfg = Release|Any CPU
		{82969919-02A7-82FB-319B-BC53DA90DEF4}.Release|Any CPU.Build.0 = Release|Any CPU
		{E8425C8B-B533-979E-FC1A-944DA293B315}.Debug|Any CPU.ActiveCfg = Debug|Any CPU
		{E8425C8B-B533-979E-FC1A-944DA293B315}.Debug|Any CPU.Build.0 = Debug|Any CPU
		{E8425C8B-B533-979E-FC1A-944DA293B315}.Release|Any CPU.ActiveCfg = Release|Any CPU
		{E8425C8B-B533-979E-FC1A-944DA293B315}.Release|Any CPU.Build.0 = Release|Any CPU
		{CB80F956-E60C-1E06-262E-C7E9F43B6B72}.Debug|Any CPU.ActiveCfg = Debug|Any CPU
		{CB80F956-E60C-1E06-262E-C7E9F43B6B72}.Debug|Any CPU.Build.0 = Debug|Any CPU
		{CB80F956-E60C-1E06-262E-C7E9F43B6B72}.Release|Any CPU.ActiveCfg = Release|Any CPU
		{CB80F956-E60C-1E06-262E-C7E9F43B6B72}.Release|Any CPU.Build.0 = Release|Any CPU
		{DF6E482A-0DB8-5DE4-EF1E-8E4FEDE79145}.Debug|Any CPU.ActiveCfg = Debug|Any CPU
		{DF6E482A-0DB8-5DE4-EF1E-8E4FEDE79145}.Debug|Any CPU.Build.0 = Debug|Any CPU
		{DF6E482A-0DB8-5DE4-EF1E-8E4FEDE79145}.Release|Any CPU.ActiveCfg = Release|Any CPU
		{DF6E482A-0DB8-5DE4-EF1E-8E4FEDE79145}.Release|Any CPU.Build.0 = Release|Any CPU
	EndGlobalSection
	GlobalSection(SolutionProperties) = preSolution
		HideSolutionNode = FALSE
	EndGlobalSection
	GlobalSection(ExtensibilityGlobals) = postSolution
		SolutionGuid = {93C5C031-8E24-4CCE-A69B-A7F75E74DDF7}
	EndGlobalSection
EndGlobal
